
Microsoft Visual Studio Solution File, Format Version 12.00
# Visual Studio Version 17
VisualStudioVersion = 17.10.35004.147
MinimumVisualStudioVersion = 10.0.40219.1
Project("{FAE04EC0-301F-11D3-BF4B-00C04F79EFBC}") = "AulaCQRS_Mediatr", "AulaCQRS_Mediatr\AulaCQRS_Mediatr.csproj", "{77E1C22C-9773-471D-B8B3-6126A8748461}"
EndProject
Global
	GlobalSection(SolutionConfigurationPlatforms) = preSolution
		Debug|Any CPU = Debug|Any CPU
		Release|Any CPU = Release|Any CPU
	EndGlobalSection
	GlobalSection(ProjectConfigurationPlatforms) = postSolution
		{77E1C22C-9773-471D-B8B3-6126A8748461}.Debug|Any CPU.ActiveCfg = Debug|Any CPU
		{77E1C22C-9773-471D-B8B3-6126A8748461}.Debug|Any CPU.Build.0 = Debug|Any CPU
		{77E1C22C-9773-471D-B8B3-6126A8748461}.Release|Any CPU.ActiveCfg = Release|Any CPU
		{77E1C22C-9773-471D-B8B3-6126A8748461}.Release|Any CPU.Build.0 = Release|Any CPU
	EndGlobalSection
	GlobalSection(SolutionProperties) = preSolution
		HideSolutionNode = FALSE
	EndGlobalSection
	GlobalSection(ExtensibilityGlobals) = postSolution
		SolutionGuid = {2E931B2D-4EF6-4761-89B7-190A85150461}
	EndGlobalSection
EndGlobal
